
Microsoft Visual Studio Solution File, Format Version 12.00
# Visual Studio Version 16
VisualStudioVersion = 16.0.30804.86
MinimumVisualStudioVersion = 15.0.26124.0
Project("{2150E333-8FDC-42A3-9474-1A3956D46DE8}") = "Solution Items", "Solution Items", "{ABD28AA8-3231-4DA6-9135-7EFE9C4394E2}"
	ProjectSection(SolutionItems) = preProject
		.editorconfig = .editorconfig
		.gitattributes = .gitattributes
		.gitignore = .gitignore
		.gitmodules = .gitmodules
		Directory.Build.props = Directory.Build.props
		Directory.Build.targets = Directory.Build.targets
		Directory.Meta.props = Directory.Meta.props
		LICENSE = LICENSE
	EndProjectSection
EndProject
Project("{2150E333-8FDC-42A3-9474-1A3956D46DE8}") = "src", "src", "{64B60CE5-8CD0-49C7-9127-DB1D927604F1}"
EndProject
Project("{9A19103F-16F7-4668-BE54-9A1E7A4F7556}") = "FredrikHr.XamarinPlayground.AppSample.SharedLibrary", "src\FredrikHr.XamarinPlayground.AppSample.SharedLibrary\FredrikHr.XamarinPlayground.AppSample.SharedLibrary.csproj", "{6DD87C23-9A4B-43FF-B970-DEEDF438E161}"
EndProject
Project("{9A19103F-16F7-4668-BE54-9A1E7A4F7556}") = "FredrikHr.XamarinPlayground.AppSample.Wpf", "src\FredrikHr.XamarinPlayground.AppSample.Wpf\FredrikHr.XamarinPlayground.AppSample.Wpf.csproj", "{DF2D5A53-3647-43BB-88BD-BD8461B54F60}"
EndProject
Project("{9A19103F-16F7-4668-BE54-9A1E7A4F7556}") = "FredrikHr.XamarinPlayground.AppSample.Gtk", "src\FredrikHr.XamarinPlayground.AppSample.Gtk\FredrikHr.XamarinPlayground.AppSample.Gtk.csproj", "{444193C1-220E-4B14-B377-0DC68BEF2E7B}"
EndProject
Project("{9A19103F-16F7-4668-BE54-9A1E7A4F7556}") = "FredrikHr.XamarinPlayground.AppSample.UWP", "src\FredrikHr.XamarinPlayground.AppSample.UWP\FredrikHr.XamarinPlayground.AppSample.UWP.csproj", "{35527058-9DE0-4B9E-8518-D2941F7C4007}"
EndProject
Global
	GlobalSection(SolutionConfigurationPlatforms) = preSolution
		Debug|Any CPU = Debug|Any CPU
		Debug|ARM = Debug|ARM
		Debug|ARM64 = Debug|ARM64
		Debug|iPhone = Debug|iPhone
		Debug|iPhoneSimulator = Debug|iPhoneSimulator
		Debug|x64 = Debug|x64
		Debug|x86 = Debug|x86
		Release|Any CPU = Release|Any CPU
		Release|ARM = Release|ARM
		Release|ARM64 = Release|ARM64
		Release|iPhone = Release|iPhone
		Release|iPhoneSimulator = Release|iPhoneSimulator
		Release|x64 = Release|x64
		Release|x86 = Release|x86
	EndGlobalSection
	GlobalSection(ProjectConfigurationPlatforms) = postSolution
		{6DD87C23-9A4B-43FF-B970-DEEDF438E161}.Debug|Any CPU.ActiveCfg = Debug|Any CPU
		{6DD87C23-9A4B-43FF-B970-DEEDF438E161}.Debug|Any CPU.Build.0 = Debug|Any CPU
		{6DD87C23-9A4B-43FF-B970-DEEDF438E161}.Debug|ARM.ActiveCfg = Debug|Any CPU
		{6DD87C23-9A4B-43FF-B970-DEEDF438E161}.Debug|ARM.Build.0 = Debug|Any CPU
		{6DD87C23-9A4B-43FF-B970-DEEDF438E161}.Debug|ARM64.ActiveCfg = Debug|Any CPU
		{6DD87C23-9A4B-43FF-B970-DEEDF438E161}.Debug|ARM64.Build.0 = Debug|Any CPU
		{6DD87C23-9A4B-43FF-B970-DEEDF438E161}.Debug|iPhone.ActiveCfg = Debug|Any CPU
		{6DD87C23-9A4B-43FF-B970-DEEDF438E161}.Debug|iPhone.Build.0 = Debug|Any CPU
		{6DD87C23-9A4B-43FF-B970-DEEDF438E161}.Debug|iPhoneSimulator.ActiveCfg = Debug|Any CPU
		{6DD87C23-9A4B-43FF-B970-DEEDF438E161}.Debug|iPhoneSimulator.Build.0 = Debug|Any CPU
		{6DD87C23-9A4B-43FF-B970-DEEDF438E161}.Debug|x64.ActiveCfg = Debug|Any CPU
		{6DD87C23-9A4B-43FF-B970-DEEDF438E161}.Debug|x64.Build.0 = Debug|Any CPU
		{6DD87C23-9A4B-43FF-B970-DEEDF438E161}.Debug|x86.ActiveCfg = Debug|Any CPU
		{6DD87C23-9A4B-43FF-B970-DEEDF438E161}.Debug|x86.Build.0 = Debug|Any CPU
		{6DD87C23-9A4B-43FF-B970-DEEDF438E161}.Release|Any CPU.ActiveCfg = Release|Any CPU
		{6DD87C23-9A4B-43FF-B970-DEEDF438E161}.Release|Any CPU.Build.0 = Release|Any CPU
		{6DD87C23-9A4B-43FF-B970-DEEDF438E161}.Release|ARM.ActiveCfg = Release|Any CPU
		{6DD87C23-9A4B-43FF-B970-DEEDF438E161}.Release|ARM.Build.0 = Release|Any CPU
		{6DD87C23-9A4B-43FF-B970-DEEDF438E161}.Release|ARM64.ActiveCfg = Release|Any CPU
		{6DD87C23-9A4B-43FF-B970-DEEDF438E161}.Release|ARM64.Build.0 = Release|Any CPU
		{6DD87C23-9A4B-43FF-B970-DEEDF438E161}.Release|iPhone.ActiveCfg = Release|Any CPU
		{6DD87C23-9A4B-43FF-B970-DEEDF438E161}.Release|iPhone.Build.0 = Release|Any CPU
		{6DD87C23-9A4B-43FF-B970-DEEDF438E161}.Release|iPhoneSimulator.ActiveCfg = Release|Any CPU
		{6DD87C23-9A4B-43FF-B970-DEEDF438E161}.Release|iPhoneSimulator.Build.0 = Release|Any CPU
		{6DD87C23-9A4B-43FF-B970-DEEDF438E161}.Release|x64.ActiveCfg = Release|Any CPU
		{6DD87C23-9A4B-43FF-B970-DEEDF438E161}.Release|x64.Build.0 = Release|Any CPU
		{6DD87C23-9A4B-43FF-B970-DEEDF438E161}.Release|x86.ActiveCfg = Release|Any CPU
		{6DD87C23-9A4B-43FF-B970-DEEDF438E161}.Release|x86.Build.0 = Release|Any CPU
		{DF2D5A53-3647-43BB-88BD-BD8461B54F60}.Debug|Any CPU.ActiveCfg = Debug|Any CPU
		{DF2D5A53-3647-43BB-88BD-BD8461B54F60}.Debug|Any CPU.Build.0 = Debug|Any CPU
		{DF2D5A53-3647-43BB-88BD-BD8461B54F60}.Debug|ARM.ActiveCfg = Debug|Any CPU
		{DF2D5A53-3647-43BB-88BD-BD8461B54F60}.Debug|ARM.Build.0 = Debug|Any CPU
		{DF2D5A53-3647-43BB-88BD-BD8461B54F60}.Debug|ARM64.ActiveCfg = Debug|Any CPU
		{DF2D5A53-3647-43BB-88BD-BD8461B54F60}.Debug|ARM64.Build.0 = Debug|Any CPU
		{DF2D5A53-3647-43BB-88BD-BD8461B54F60}.Debug|iPhone.ActiveCfg = Debug|Any CPU
		{DF2D5A53-3647-43BB-88BD-BD8461B54F60}.Debug|iPhone.Build.0 = Debug|Any CPU
		{DF2D5A53-3647-43BB-88BD-BD8461B54F60}.Debug|iPhoneSimulator.ActiveCfg = Debug|Any CPU
		{DF2D5A53-3647-43BB-88BD-BD8461B54F60}.Debug|iPhoneSimulator.Build.0 = Debug|Any CPU
		{DF2D5A53-3647-43BB-88BD-BD8461B54F60}.Debug|x64.ActiveCfg = Debug|Any CPU
		{DF2D5A53-3647-43BB-88BD-BD8461B54F60}.Debug|x64.Build.0 = Debug|Any CPU
		{DF2D5A53-3647-43BB-88BD-BD8461B54F60}.Debug|x86.ActiveCfg = Debug|Any CPU
		{DF2D5A53-3647-43BB-88BD-BD8461B54F60}.Debug|x86.Build.0 = Debug|Any CPU
		{DF2D5A53-3647-43BB-88BD-BD8461B54F60}.Release|Any CPU.ActiveCfg = Release|Any CPU
		{DF2D5A53-3647-43BB-88BD-BD8461B54F60}.Release|Any CPU.Build.0 = Release|Any CPU
		{DF2D5A53-3647-43BB-88BD-BD8461B54F60}.Release|ARM.ActiveCfg = Release|Any CPU
		{DF2D5A53-3647-43BB-88BD-BD8461B54F60}.Release|ARM.Build.0 = Release|Any CPU
		{DF2D5A53-3647-43BB-88BD-BD8461B54F60}.Release|ARM64.ActiveCfg = Release|Any CPU
		{DF2D5A53-3647-43BB-88BD-BD8461B54F60}.Release|ARM64.Build.0 = Release|Any CPU
		{DF2D5A53-3647-43BB-88BD-BD8461B54F60}.Release|iPhone.ActiveCfg = Release|Any CPU
		{DF2D5A53-3647-43BB-88BD-BD8461B54F60}.Release|iPhone.Build.0 = Release|Any CPU
		{DF2D5A53-3647-43BB-88BD-BD8461B54F60}.Release|iPhoneSimulator.ActiveCfg = Release|Any CPU
		{DF2D5A53-3647-43BB-88BD-BD8461B54F60}.Release|iPhoneSimulator.Build.0 = Release|Any CPU
		{DF2D5A53-3647-43BB-88BD-BD8461B54F60}.Release|x64.ActiveCfg = Release|Any CPU
		{DF2D5A53-3647-43BB-88BD-BD8461B54F60}.Release|x64.Build.0 = Release|Any CPU
		{DF2D5A53-3647-43BB-88BD-BD8461B54F60}.Release|x86.ActiveCfg = Release|Any CPU
		{DF2D5A53-3647-43BB-88BD-BD8461B54F60}.Release|x86.Build.0 = Release|Any CPU
		{444193C1-220E-4B14-B377-0DC68BEF2E7B}.Debug|Any CPU.ActiveCfg = Debug|Any CPU
		{444193C1-220E-4B14-B377-0DC68BEF2E7B}.Debug|Any CPU.Build.0 = Debug|Any CPU
		{444193C1-220E-4B14-B377-0DC68BEF2E7B}.Debug|ARM.ActiveCfg = Debug|Any CPU
		{444193C1-220E-4B14-B377-0DC68BEF2E7B}.Debug|ARM.Build.0 = Debug|Any CPU
		{444193C1-220E-4B14-B377-0DC68BEF2E7B}.Debug|ARM64.ActiveCfg = Debug|Any CPU
		{444193C1-220E-4B14-B377-0DC68BEF2E7B}.Debug|ARM64.Build.0 = Debug|Any CPU
		{444193C1-220E-4B14-B377-0DC68BEF2E7B}.Debug|iPhone.ActiveCfg = Debug|Any CPU
		{444193C1-220E-4B14-B377-0DC68BEF2E7B}.Debug|iPhone.Build.0 = Debug|Any CPU
		{444193C1-220E-4B14-B377-0DC68BEF2E7B}.Debug|iPhoneSimulator.ActiveCfg = Debug|Any CPU
		{444193C1-220E-4B14-B377-0DC68BEF2E7B}.Debug|iPhoneSimulator.Build.0 = Debug|Any CPU
		{444193C1-220E-4B14-B377-0DC68BEF2E7B}.Debug|x64.ActiveCfg = Debug|Any CPU
		{444193C1-220E-4B14-B377-0DC68BEF2E7B}.Debug|x64.Build.0 = Debug|Any CPU
		{444193C1-220E-4B14-B377-0DC68BEF2E7B}.Debug|x86.ActiveCfg = Debug|Any CPU
		{444193C1-220E-4B14-B377-0DC68BEF2E7B}.Debug|x86.Build.0 = Debug|Any CPU
		{444193C1-220E-4B14-B377-0DC68BEF2E7B}.Release|Any CPU.ActiveCfg = Release|Any CPU
		{444193C1-220E-4B14-B377-0DC68BEF2E7B}.Release|Any CPU.Build.0 = Release|Any CPU
		{444193C1-220E-4B14-B377-0DC68BEF2E7B}.Release|ARM.ActiveCfg = Release|Any CPU
		{444193C1-220E-4B14-B377-0DC68BEF2E7B}.Release|ARM.Build.0 = Release|Any CPU
		{444193C1-220E-4B14-B377-0DC68BEF2E7B}.Release|ARM64.ActiveCfg = Release|Any CPU
		{444193C1-220E-4B14-B377-0DC68BEF2E7B}.Release|ARM64.Build.0 = Release|Any CPU
		{444193C1-220E-4B14-B377-0DC68BEF2E7B}.Release|iPhone.ActiveCfg = Release|Any CPU
		{444193C1-220E-4B14-B377-0DC68BEF2E7B}.Release|iPhone.Build.0 = Release|Any CPU
		{444193C1-220E-4B14-B377-0DC68BEF2E7B}.Release|iPhoneSimulator.ActiveCfg = Release|Any CPU
		{444193C1-220E-4B14-B377-0DC68BEF2E7B}.Release|iPhoneSimulator.Build.0 = Release|Any CPU
		{444193C1-220E-4B14-B377-0DC68BEF2E7B}.Release|x64.ActiveCfg = Release|Any CPU
		{444193C1-220E-4B14-B377-0DC68BEF2E7B}.Release|x64.Build.0 = Release|Any CPU
		{444193C1-220E-4B14-B377-0DC68BEF2E7B}.Release|x86.ActiveCfg = Release|Any CPU
		{444193C1-220E-4B14-B377-0DC68BEF2E7B}.Release|x86.Build.0 = Release|Any CPU
		{35527058-9DE0-4B9E-8518-D2941F7C4007}.Debug|Any CPU.ActiveCfg = Debug|x86
		{35527058-9DE0-4B9E-8518-D2941F7C4007}.Debug|ARM.ActiveCfg = Debug|ARM
		{35527058-9DE0-4B9E-8518-D2941F7C4007}.Debug|ARM.Build.0 = Debug|ARM
		{35527058-9DE0-4B9E-8518-D2941F7C4007}.Debug|ARM64.ActiveCfg = Debug|ARM64
		{35527058-9DE0-4B9E-8518-D2941F7C4007}.Debug|ARM64.Build.0 = Debug|ARM64
		{35527058-9DE0-4B9E-8518-D2941F7C4007}.Debug|iPhone.ActiveCfg = Debug|x86
		{35527058-9DE0-4B9E-8518-D2941F7C4007}.Debug|iPhoneSimulator.ActiveCfg = Debug|x86
		{35527058-9DE0-4B9E-8518-D2941F7C4007}.Debug|x64.ActiveCfg = Debug|x64
		{35527058-9DE0-4B9E-8518-D2941F7C4007}.Debug|x64.Build.0 = Debug|x64
		{35527058-9DE0-4B9E-8518-D2941F7C4007}.Debug|x86.ActiveCfg = Debug|x86
		{35527058-9DE0-4B9E-8518-D2941F7C4007}.Debug|x86.Build.0 = Debug|x86
		{35527058-9DE0-4B9E-8518-D2941F7C4007}.Release|Any CPU.ActiveCfg = Release|x86
		{35527058-9DE0-4B9E-8518-D2941F7C4007}.Release|ARM.ActiveCfg = Release|ARM
		{35527058-9DE0-4B9E-8518-D2941F7C4007}.Release|ARM.Build.0 = Release|ARM
		{35527058-9DE0-4B9E-8518-D2941F7C4007}.Release|ARM64.ActiveCfg = Release|ARM64
		{35527058-9DE0-4B9E-8518-D2941F7C4007}.Release|ARM64.Build.0 = Release|ARM64
		{35527058-9DE0-4B9E-8518-D2941F7C4007}.Release|iPhone.ActiveCfg = Release|x86
		{35527058-9DE0-4B9E-8518-D2941F7C4007}.Release|iPhoneSimulator.ActiveCfg = Release|x86
		{35527058-9DE0-4B9E-8518-D2941F7C4007}.Release|x64.ActiveCfg = Release|x64
		{35527058-9DE0-4B9E-8518-D2941F7C4007}.Release|x64.Build.0 = Release|x64
		{35527058-9DE0-4B9E-8518-D2941F7C4007}.Release|x86.ActiveCfg = Release|x86
		{35527058-9DE0-4B9E-8518-D2941F7C4007}.Release|x86.Build.0 = Release|x86
	EndGlobalSection
	GlobalSection(SolutionProperties) = preSolution
		HideSolutionNode = FALSE
	EndGlobalSection
	GlobalSection(NestedProjects) = preSolution
		{6DD87C23-9A4B-43FF-B970-DEEDF438E161} = {64B60CE5-8CD0-49C7-9127-DB1D927604F1}
		{DF2D5A53-3647-43BB-88BD-BD8461B54F60} = {64B60CE5-8CD0-49C7-9127-DB1D927604F1}
		{444193C1-220E-4B14-B377-0DC68BEF2E7B} = {64B60CE5-8CD0-49C7-9127-DB1D927604F1}
		{35527058-9DE0-4B9E-8518-D2941F7C4007} = {64B60CE5-8CD0-49C7-9127-DB1D927604F1}
	EndGlobalSection
	GlobalSection(ExtensibilityGlobals) = postSolution
		SolutionGuid = {BFA2EA1F-5678-4A67-BCC2-037EC9F18E7D}
	EndGlobalSection
EndGlobal
